
Microsoft Visual Studio Solution File, Format Version 12.00
# Visual Studio Version 17
VisualStudioVersion = 17.4.33122.133
MinimumVisualStudioVersion = 10.0.40219.1
Project("{9A19103F-16F7-4668-BE54-9A1E7A4F7556}") = "AgingPopulationFitness.Server", "AgingPopulationFitness\Server\AgingPopulationFitness.Server.csproj", "{4693EFEF-8180-4AA3-928B-4141CD8EE68F}"
EndProject
Project("{9A19103F-16F7-4668-BE54-9A1E7A4F7556}") = "AgingPopulationFitness.Client", "AgingPopulationFitness\Client\AgingPopulationFitness.Client.csproj", "{EB3B882A-8EB2-4F96-B648-9F0605F03CF2}"
EndProject
Project("{9A19103F-16F7-4668-BE54-9A1E7A4F7556}") = "AgingPopulationFitness.Shared", "AgingPopulationFitness\Shared\AgingPopulationFitness.Shared.csproj", "{12E19FE7-AC61-4B5F-AC32-431077FD1387}"
EndProject
Global
	GlobalSection(SolutionConfigurationPlatforms) = preSolution
		Debug|Any CPU = Debug|Any CPU
		Release|Any CPU = Release|Any CPU
	EndGlobalSection
	GlobalSection(ProjectConfigurationPlatforms) = postSolution
		{4693EFEF-8180-4AA3-928B-4141CD8EE68F}.Debug|Any CPU.ActiveCfg = Debug|Any CPU
		{4693EFEF-8180-4AA3-928B-4141CD8EE68F}.Debug|Any CPU.Build.0 = Debug|Any CPU
		{4693EFEF-8180-4AA3-928B-4141CD8EE68F}.Release|Any CPU.ActiveCfg = Release|Any CPU
		{4693EFEF-8180-4AA3-928B-4141CD8EE68F}.Release|Any CPU.Build.0 = Release|Any CPU
		{EB3B882A-8EB2-4F96-B648-9F0605F03CF2}.Debug|Any CPU.ActiveCfg = Debug|Any CPU
		{EB3B882A-8EB2-4F96-B648-9F0605F03CF2}.Debug|Any CPU.Build.0 = Debug|Any CPU
		{EB3B882A-8EB2-4F96-B648-9F0605F03CF2}.Release|Any CPU.ActiveCfg = Release|Any CPU
		{EB3B882A-8EB2-4F96-B648-9F0605F03CF2}.Release|Any CPU.Build.0 = Release|Any CPU
		{12E19FE7-AC61-4B5F-AC32-431077FD1387}.Debug|Any CPU.ActiveCfg = Debug|Any CPU
		{12E19FE7-AC61-4B5F-AC32-431077FD1387}.Debug|Any CPU.Build.0 = Debug|Any CPU
		{12E19FE7-AC61-4B5F-AC32-431077FD1387}.Release|Any CPU.ActiveCfg = Release|Any CPU
		{12E19FE7-AC61-4B5F-AC32-431077FD1387}.Release|Any CPU.Build.0 = Release|Any CPU
	EndGlobalSection
	GlobalSection(SolutionProperties) = preSolution
		HideSolutionNode = FALSE
	EndGlobalSection
	GlobalSection(ExtensibilityGlobals) = postSolution
		SolutionGuid = {8462A869-2CF6-48EE-88DB-A49FBE358DF2}
	EndGlobalSection
EndGlobal
